// !$*UTF8*$!
{
	archiveVersion = 1;
	classes = {
	};
	objectVersion = 50;
	objects = {

/* Begin PBXBuildFile section */
		F3ED5BE9225E7CFC00B29787 /* AppDelegate.swift in Sources */ = {isa = PBXBuildFile; fileRef = F3ED5BE8225E7CFC00B29787 /* AppDelegate.swift */; };
		F3ED5BEE225E7CFC00B29787 /* Main.storyboard in Resources */ = {isa = PBXBuildFile; fileRef = F3ED5BEC225E7CFC00B29787 /* Main.storyboard */; };
		F3ED5BF0225E7CFE00B29787 /* Assets.xcassets in Resources */ = {isa = PBXBuildFile; fileRef = F3ED5BEF225E7CFE00B29787 /* Assets.xcassets */; };
		F3ED5BF3225E7CFE00B29787 /* LaunchScreen.storyboard in Resources */ = {isa = PBXBuildFile; fileRef = F3ED5BF1225E7CFE00B29787 /* LaunchScreen.storyboard */; };
		F3ED5BFE225E7E5800B29787 /* ContactViewController.swift in Sources */ = {isa = PBXBuildFile; fileRef = F3ED5BFD225E7E5800B29787 /* ContactViewController.swift */; };
		F3ED5C07225E7E9500B29787 /* APIClient.swift in Sources */ = {isa = PBXBuildFile; fileRef = F3ED5C00225E7E9500B29787 /* APIClient.swift */; };
		F3ED5C08225E7E9500B29787 /* BaseObjectWrapper.swift in Sources */ = {isa = PBXBuildFile; fileRef = F3ED5C01225E7E9500B29787 /* BaseObjectWrapper.swift */; };
		F3ED5C09225E7E9500B29787 /* Deserializable.swift in Sources */ = {isa = PBXBuildFile; fileRef = F3ED5C02225E7E9500B29787 /* Deserializable.swift */; };
		F3ED5C0A225E7E9500B29787 /* APIError.swift in Sources */ = {isa = PBXBuildFile; fileRef = F3ED5C03225E7E9500B29787 /* APIError.swift */; };
		F3ED5C0B225E7E9500B29787 /* APIRequest.swift in Sources */ = {isa = PBXBuildFile; fileRef = F3ED5C04225E7E9500B29787 /* APIRequest.swift */; };
		F3ED5C0C225E7E9500B29787 /* APIMetadata.swift in Sources */ = {isa = PBXBuildFile; fileRef = F3ED5C05225E7E9500B29787 /* APIMetadata.swift */; };
		F3ED5C0D225E7E9500B29787 /* RequestConfigurator.swift in Sources */ = {isa = PBXBuildFile; fileRef = F3ED5C06225E7E9500B29787 /* RequestConfigurator.swift */; };
		F3ED5C10225E7EA600B29787 /* Dictionary+Utilities.swift in Sources */ = {isa = PBXBuildFile; fileRef = F3ED5C0F225E7EA600B29787 /* Dictionary+Utilities.swift */; };
		F3ED5C13225E7EDC00B29787 /* APICall.swift in Sources */ = {isa = PBXBuildFile; fileRef = F3ED5C12225E7EDC00B29787 /* APICall.swift */; };
		F3ED5C16225E7EF500B29787 /* ContactRequestConfigurator.swift in Sources */ = {isa = PBXBuildFile; fileRef = F3ED5C15225E7EF500B29787 /* ContactRequestConfigurator.swift */; };
		F3ED5C18225E801800B29787 /* Contact.swift in Sources */ = {isa = PBXBuildFile; fileRef = F3ED5C17225E801800B29787 /* Contact.swift */; };
		F3ED5C1B225E81A500B29787 /* CTableViewSource.swift in Sources */ = {isa = PBXBuildFile; fileRef = F3ED5C1A225E81A500B29787 /* CTableViewSource.swift */; };
		F3ED5C1E225E840100B29787 /* ContactCell.swift in Sources */ = {isa = PBXBuildFile; fileRef = F3ED5C1D225E840100B29787 /* ContactCell.swift */; };
/* End PBXBuildFile section */

/* Begin PBXFileReference section */
		F3ED5BE5225E7CFC00B29787 /* 303 Software iOS Code Test.app */ = {isa = PBXFileReference; explicitFileType = wrapper.application; includeInIndex = 0; path = "303 Software iOS Code Test.app"; sourceTree = BUILT_PRODUCTS_DIR; };
		F3ED5BE8225E7CFC00B29787 /* AppDelegate.swift */ = {isa = PBXFileReference; lastKnownFileType = sourcecode.swift; path = AppDelegate.swift; sourceTree = "<group>"; };
		F3ED5BED225E7CFC00B29787 /* Base */ = {isa = PBXFileReference; lastKnownFileType = file.storyboard; name = Base; path = Base.lproj/Main.storyboard; sourceTree = "<group>"; };
		F3ED5BEF225E7CFE00B29787 /* Assets.xcassets */ = {isa = PBXFileReference; lastKnownFileType = folder.assetcatalog; path = Assets.xcassets; sourceTree = "<group>"; };
		F3ED5BF2225E7CFE00B29787 /* Base */ = {isa = PBXFileReference; lastKnownFileType = file.storyboard; name = Base; path = Base.lproj/LaunchScreen.storyboard; sourceTree = "<group>"; };
		F3ED5BF4225E7CFE00B29787 /* Info.plist */ = {isa = PBXFileReference; lastKnownFileType = text.plist.xml; path = Info.plist; sourceTree = "<group>"; };
		F3ED5BFD225E7E5800B29787 /* ContactViewController.swift */ = {isa = PBXFileReference; lastKnownFileType = sourcecode.swift; path = ContactViewController.swift; sourceTree = "<group>"; };
		F3ED5C00225E7E9500B29787 /* APIClient.swift */ = {isa = PBXFileReference; fileEncoding = 4; lastKnownFileType = sourcecode.swift; path = APIClient.swift; sourceTree = "<group>"; };
		F3ED5C01225E7E9500B29787 /* BaseObjectWrapper.swift */ = {isa = PBXFileReference; fileEncoding = 4; lastKnownFileType = sourcecode.swift; path = BaseObjectWrapper.swift; sourceTree = "<group>"; };
		F3ED5C02225E7E9500B29787 /* Deserializable.swift */ = {isa = PBXFileReference; fileEncoding = 4; lastKnownFileType = sourcecode.swift; path = Deserializable.swift; sourceTree = "<group>"; };
		F3ED5C03225E7E9500B29787 /* APIError.swift */ = {isa = PBXFileReference; fileEncoding = 4; lastKnownFileType = sourcecode.swift; path = APIError.swift; sourceTree = "<group>"; };
		F3ED5C04225E7E9500B29787 /* APIRequest.swift */ = {isa = PBXFileReference; fileEncoding = 4; lastKnownFileType = sourcecode.swift; path = APIRequest.swift; sourceTree = "<group>"; };
		F3ED5C05225E7E9500B29787 /* APIMetadata.swift */ = {isa = PBXFileReference; fileEncoding = 4; lastKnownFileType = sourcecode.swift; path = APIMetadata.swift; sourceTree = "<group>"; };
		F3ED5C06225E7E9500B29787 /* RequestConfigurator.swift */ = {isa = PBXFileReference; fileEncoding = 4; lastKnownFileType = sourcecode.swift; path = RequestConfigurator.swift; sourceTree = "<group>"; };
		F3ED5C0F225E7EA600B29787 /* Dictionary+Utilities.swift */ = {isa = PBXFileReference; fileEncoding = 4; lastKnownFileType = sourcecode.swift; path = "Dictionary+Utilities.swift"; sourceTree = "<group>"; };
		F3ED5C12225E7EDC00B29787 /* APICall.swift */ = {isa = PBXFileReference; fileEncoding = 4; lastKnownFileType = sourcecode.swift; path = APICall.swift; sourceTree = "<group>"; };
		F3ED5C15225E7EF500B29787 /* ContactRequestConfigurator.swift */ = {isa = PBXFileReference; fileEncoding = 4; lastKnownFileType = sourcecode.swift; path = ContactRequestConfigurator.swift; sourceTree = "<group>"; };
		F3ED5C17225E801800B29787 /* Contact.swift */ = {isa = PBXFileReference; fileEncoding = 4; lastKnownFileType = sourcecode.swift; path = Contact.swift; sourceTree = "<group>"; };
		F3ED5C1A225E81A500B29787 /* CTableViewSource.swift */ = {isa = PBXFileReference; lastKnownFileType = sourcecode.swift; path = CTableViewSource.swift; sourceTree = "<group>"; };
		F3ED5C1D225E840100B29787 /* ContactCell.swift */ = {isa = PBXFileReference; lastKnownFileType = sourcecode.swift; path = ContactCell.swift; sourceTree = "<group>"; };
/* End PBXFileReference section */

/* Begin PBXFrameworksBuildPhase section */
		F3ED5BE2225E7CFC00B29787 /* Frameworks */ = {
			isa = PBXFrameworksBuildPhase;
			buildActionMask = 2147483647;
			files = (
			);
			runOnlyForDeploymentPostprocessing = 0;
		};
/* End PBXFrameworksBuildPhase section */

/* Begin PBXGroup section */
		F3ED5BDC225E7CFC00B29787 = {
			isa = PBXGroup;
			children = (
				F3ED5BE7225E7CFC00B29787 /* 303 Software iOS Code Test */,
				F3ED5BE6225E7CFC00B29787 /* Products */,
			);
			sourceTree = "<group>";
		};
		F3ED5BE6225E7CFC00B29787 /* Products */ = {
			isa = PBXGroup;
			children = (
				F3ED5BE5225E7CFC00B29787 /* 303 Software iOS Code Test.app */,
			);
			name = Products;
			sourceTree = "<group>";
		};
		F3ED5BE7225E7CFC00B29787 /* 303 Software iOS Code Test */ = {
			isa = PBXGroup;
			children = (
				F3ED5BFF225E7E8700B29787 /* Network */,
				F3ED5C11225E7EC100B29787 /* APICall */,
				F3ED5BFA225E7E1300B29787 /* Model */,
				F3ED5BFB225E7E1F00B29787 /* View */,
				F3ED5C19225E809200B29787 /* View Model */,
				F3ED5BFC225E7E3000B29787 /* Controller */,
				F3ED5BE8225E7CFC00B29787 /* AppDelegate.swift */,
				F3ED5BEF225E7CFE00B29787 /* Assets.xcassets */,
				F3ED5BF4225E7CFE00B29787 /* Info.plist */,
			);
			path = "303 Software iOS Code Test";
			sourceTree = "<group>";
		};
		F3ED5BFA225E7E1300B29787 /* Model */ = {
			isa = PBXGroup;
			children = (
				F3ED5C17225E801800B29787 /* Contact.swift */,
			);
			path = Model;
			sourceTree = "<group>";
		};
		F3ED5BFB225E7E1F00B29787 /* View */ = {
			isa = PBXGroup;
			children = (
				F3ED5BEC225E7CFC00B29787 /* Main.storyboard */,
				F3ED5BF1225E7CFE00B29787 /* LaunchScreen.storyboard */,
			);
			path = View;
			sourceTree = "<group>";
		};
		F3ED5BFC225E7E3000B29787 /* Controller */ = {
			isa = PBXGroup;
			children = (
				F3ED5BFD225E7E5800B29787 /* ContactViewController.swift */,
			);
			path = Controller;
			sourceTree = "<group>";
		};
		F3ED5BFF225E7E8700B29787 /* Network */ = {
			isa = PBXGroup;
			children = (
				F3ED5C0E225E7E9B00B29787 /* Extension */,
				F3ED5C00225E7E9500B29787 /* APIClient.swift */,
				F3ED5C03225E7E9500B29787 /* APIError.swift */,
				F3ED5C05225E7E9500B29787 /* APIMetadata.swift */,
				F3ED5C04225E7E9500B29787 /* APIRequest.swift */,
				F3ED5C01225E7E9500B29787 /* BaseObjectWrapper.swift */,
				F3ED5C02225E7E9500B29787 /* Deserializable.swift */,
				F3ED5C06225E7E9500B29787 /* RequestConfigurator.swift */,
			);
			path = Network;
			sourceTree = "<group>";
		};
		F3ED5C0E225E7E9B00B29787 /* Extension */ = {
			isa = PBXGroup;
			children = (
				F3ED5C0F225E7EA600B29787 /* Dictionary+Utilities.swift */,
			);
			path = Extension;
			sourceTree = "<group>";
		};
		F3ED5C11225E7EC100B29787 /* APICall */ = {
			isa = PBXGroup;
			children = (
				F3ED5C14225E7EED00B29787 /* RequestCongurators */,
				F3ED5C12225E7EDC00B29787 /* APICall.swift */,
			);
			path = APICall;
			sourceTree = "<group>";
		};
		F3ED5C14225E7EED00B29787 /* RequestCongurators */ = {
			isa = PBXGroup;
			children = (
				F3ED5C15225E7EF500B29787 /* ContactRequestConfigurator.swift */,
			);
			path = RequestCongurators;
			sourceTree = "<group>";
		};
		F3ED5C19225E809200B29787 /* View Model */ = {
			isa = PBXGroup;
			children = (
				F3ED5C1C225E83E900B29787 /* Cells */,
				F3ED5C1A225E81A500B29787 /* CTableViewSource.swift */,
			);
			path = "View Model";
			sourceTree = "<group>";
		};
		F3ED5C1C225E83E900B29787 /* Cells */ = {
			isa = PBXGroup;
			children = (
				F3ED5C1D225E840100B29787 /* ContactCell.swift */,
			);
			path = Cells;
			sourceTree = "<group>";
		};
/* End PBXGroup section */

/* Begin PBXNativeTarget section */
		F3ED5BE4225E7CFC00B29787 /* 303 Software iOS Code Test */ = {
			isa = PBXNativeTarget;
			buildConfigurationList = F3ED5BF7225E7CFE00B29787 /* Build configuration list for PBXNativeTarget "303 Software iOS Code Test" */;
			buildPhases = (
				F3ED5BE1225E7CFC00B29787 /* Sources */,
				F3ED5BE2225E7CFC00B29787 /* Frameworks */,
				F3ED5BE3225E7CFC00B29787 /* Resources */,
			);
			buildRules = (
			);
			dependencies = (
			);
			name = "303 Software iOS Code Test";
			productName = "303 Software iOS Code Test";
			productReference = F3ED5BE5225E7CFC00B29787 /* 303 Software iOS Code Test.app */;
			productType = "com.apple.product-type.application";
		};
/* End PBXNativeTarget section */

/* Begin PBXProject section */
		F3ED5BDD225E7CFC00B29787 /* Project object */ = {
			isa = PBXProject;
			attributes = {
				LastSwiftUpdateCheck = 1010;
				LastUpgradeCheck = 1010;
				ORGANIZATIONNAME = "Hasan, Adit";
				TargetAttributes = {
					F3ED5BE4225E7CFC00B29787 = {
						CreatedOnToolsVersion = 10.1;
					};
				};
			};
			buildConfigurationList = F3ED5BE0225E7CFC00B29787 /* Build configuration list for PBXProject "303 Software iOS Code Test" */;
			compatibilityVersion = "Xcode 9.3";
			developmentRegion = en;
			hasScannedForEncodings = 0;
			knownRegions = (
				en,
				Base,
			);
			mainGroup = F3ED5BDC225E7CFC00B29787;
			productRefGroup = F3ED5BE6225E7CFC00B29787 /* Products */;
			projectDirPath = "";
			projectRoot = "";
			targets = (
				F3ED5BE4225E7CFC00B29787 /* 303 Software iOS Code Test */,
			);
		};
/* End PBXProject section */

/* Begin PBXResourcesBuildPhase section */
		F3ED5BE3225E7CFC00B29787 /* Resources */ = {
			isa = PBXResourcesBuildPhase;
			buildActionMask = 2147483647;
			files = (
				F3ED5BF3225E7CFE00B29787 /* LaunchScreen.storyboard in Resources */,
				F3ED5BF0225E7CFE00B29787 /* Assets.xcassets in Resources */,
				F3ED5BEE225E7CFC00B29787 /* Main.storyboard in Resources */,
			);
			runOnlyForDeploymentPostprocessing = 0;
		};
/* End PBXResourcesBuildPhase section */

/* Begin PBXSourcesBuildPhase section */
		F3ED5BE1225E7CFC00B29787 /* Sources */ = {
			isa = PBXSourcesBuildPhase;
			buildActionMask = 2147483647;
			files = (
				F3ED5C1E225E840100B29787 /* ContactCell.swift in Sources */,
				F3ED5C18225E801800B29787 /* Contact.swift in Sources */,
				F3ED5C0D225E7E9500B29787 /* RequestConfigurator.swift in Sources */,
				F3ED5BE9225E7CFC00B29787 /* AppDelegate.swift in Sources */,
				F3ED5C10225E7EA600B29787 /* Dictionary+Utilities.swift in Sources */,
				F3ED5C13225E7EDC00B29787 /* APICall.swift in Sources */,
				F3ED5C0B225E7E9500B29787 /* APIRequest.swift in Sources */,
				F3ED5C08225E7E9500B29787 /* BaseObjectWrapper.swift in Sources */,
				F3ED5C09225E7E9500B29787 /* Deserializable.swift in Sources */,
				F3ED5BFE225E7E5800B29787 /* ContactViewController.swift in Sources */,
				F3ED5C07225E7E9500B29787 /* APIClient.swift in Sources */,
				F3ED5C0A225E7E9500B29787 /* APIError.swift in Sources */,
				F3ED5C16225E7EF500B29787 /* ContactRequestConfigurator.swift in Sources */,
				F3ED5C1B225E81A500B29787 /* CTableViewSource.swift in Sources */,
				F3ED5C0C225E7E9500B29787 /* APIMetadata.swift in Sources */,
			);
			runOnlyForDeploymentPostprocessing = 0;
		};
/* End PBXSourcesBuildPhase section */

/* Begin PBXVariantGroup section */
		F3ED5BEC225E7CFC00B29787 /* Main.storyboard */ = {
			isa = PBXVariantGroup;
			children = (
				F3ED5BED225E7CFC00B29787 /* Base */,
			);
			name = Main.storyboard;
			sourceTree = "<group>";
		};
		F3ED5BF1225E7CFE00B29787 /* LaunchScreen.storyboard */ = {
			isa = PBXVariantGroup;
			children = (
				F3ED5BF2225E7CFE00B29787 /* Base */,
			);
			name = LaunchScreen.storyboard;
			sourceTree = "<group>";
		};
/* End PBXVariantGroup section */

/* Begin XCBuildConfiguration section */
		F3ED5BF5225E7CFE00B29787 /* Debug */ = {
			isa = XCBuildConfiguration;
			buildSettings = {
				ALWAYS_SEARCH_USER_PATHS = NO;
				CLANG_ANALYZER_NONNULL = YES;
				CLANG_ANALYZER_NUMBER_OBJECT_CONVERSION = YES_AGGRESSIVE;
				CLANG_CXX_LANGUAGE_STANDARD = "gnu++14";
				CLANG_CXX_LIBRARY = "libc++";
				CLANG_ENABLE_MODULES = YES;
				CLANG_ENABLE_OBJC_ARC = YES;
				CLANG_ENABLE_OBJC_WEAK = YES;
				CLANG_WARN_BLOCK_CAPTURE_AUTORELEASING = YES;
				CLANG_WARN_BOOL_CONVERSION = YES;
				CLANG_WARN_COMMA = YES;
				CLANG_WARN_CONSTANT_CONVERSION = YES;
				CLANG_WARN_DEPRECATED_OBJC_IMPLEMENTATIONS = YES;
				CLANG_WARN_DIRECT_OBJC_ISA_USAGE = YES_ERROR;
				CLANG_WARN_DOCUMENTATION_COMMENTS = YES;
				CLANG_WARN_EMPTY_BODY = YES;
				CLANG_WARN_ENUM_CONVERSION = YES;
				CLANG_WARN_INFINITE_RECURSION = YES;
				CLANG_WARN_INT_CONVERSION = YES;
				CLANG_WARN_NON_LITERAL_NULL_CONVERSION = YES;
				CLANG_WARN_OBJC_IMPLICIT_RETAIN_SELF = YES;
				CLANG_WARN_OBJC_LITERAL_CONVERSION = YES;
				CLANG_WARN_OBJC_ROOT_CLASS = YES_ERROR;
				CLANG_WARN_RANGE_LOOP_ANALYSIS = YES;
				CLANG_WARN_STRICT_PROTOTYPES = YES;
				CLANG_WARN_SUSPICIOUS_MOVE = YES;
				CLANG_WARN_UNGUARDED_AVAILABILITY = YES_AGGRESSIVE;
				CLANG_WARN_UNREACHABLE_CODE = YES;
				CLANG_WARN__DUPLICATE_METHOD_MATCH = YES;
				CODE_SIGN_IDENTITY = "iPhone Developer";
				COPY_PHASE_STRIP = NO;
				DEBUG_INFORMATION_FORMAT = dwarf;
				ENABLE_STRICT_OBJC_MSGSEND = YES;
				ENABLE_TESTABILITY = YES;
				GCC_C_LANGUAGE_STANDARD = gnu11;
				GCC_DYNAMIC_NO_PIC = NO;
				GCC_NO_COMMON_BLOCKS = YES;
				GCC_OPTIMIZATION_LEVEL = 0;
				GCC_PREPROCESSOR_DEFINITIONS = (
					"DEBUG=1",
					"$(inherited)",
				);
				GCC_WARN_64_TO_32_BIT_CONVERSION = YES;
				GCC_WARN_ABOUT_RETURN_TYPE = YES_ERROR;
				GCC_WARN_UNDECLARED_SELECTOR = YES;
				GCC_WARN_UNINITIALIZED_AUTOS = YES_AGGRESSIVE;
				GCC_WARN_UNUSED_FUNCTION = YES;
				GCC_WARN_UNUSED_VARIABLE = YES;
				IPHONEOS_DEPLOYMENT_TARGET = 12.1;
				MTL_ENABLE_DEBUG_INFO = INCLUDE_SOURCE;
				MTL_FAST_MATH = YES;
				ONLY_ACTIVE_ARCH = YES;
				SDKROOT = iphoneos;
				SWIFT_ACTIVE_COMPILATION_CONDITIONS = DEBUG;
				SWIFT_OPTIMIZATION_LEVEL = "-Onone";
			};
			name = Debug;
		};
		F3ED5BF6225E7CFE00B29787 /* Release */ = {
			isa = XCBuildConfiguration;
			buildSettings = {
				ALWAYS_SEARCH_USER_PATHS = NO;
				CLANG_ANALYZER_NONNULL = YES;
				CLANG_ANALYZER_NUMBER_OBJECT_CONVERSION = YES_AGGRESSIVE;
				CLANG_CXX_LANGUAGE_STANDARD = "gnu++14";
				CLANG_CXX_LIBRARY = "libc++";
				CLANG_ENABLE_MODULES = YES;
				CLANG_ENABLE_OBJC_ARC = YES;
				CLANG_ENABLE_OBJC_WEAK = YES;
				CLANG_WARN_BLOCK_CAPTURE_AUTORELEASING = YES;
				CLANG_WARN_BOOL_CONVERSION = YES;
				CLANG_WARN_COMMA = YES;
				CLANG_WARN_CONSTANT_CONVERSION = YES;
				CLANG_WARN_DEPRECATED_OBJC_IMPLEMENTATIONS = YES;
				CLANG_WARN_DIRECT_OBJC_ISA_USAGE = YES_ERROR;
				CLANG_WARN_DOCUMENTATION_COMMENTS = YES;
				CLANG_WARN_EMPTY_BODY = YES;
				CLANG_WARN_ENUM_CONVERSION = YES;
				CLANG_WARN_INFINITE_RECURSION = YES;
				CLANG_WARN_INT_CONVERSION = YES;
				CLANG_WARN_NON_LITERAL_NULL_CONVERSION = YES;
				CLANG_WARN_OBJC_IMPLICIT_RETAIN_SELF = YES;
				CLANG_WARN_OBJC_LITERAL_CONVERSION = YES;
				CLANG_WARN_OBJC_ROOT_CLASS = YES_ERROR;
				CLANG_WARN_RANGE_LOOP_ANALYSIS = YES;
				CLANG_WARN_STRICT_PROTOTYPES = YES;
				CLANG_WARN_SUSPICIOUS_MOVE = YES;
				CLANG_WARN_UNGUARDED_AVAILABILITY = YES_AGGRESSIVE;
				CLANG_WARN_UNREACHABLE_CODE = YES;
				CLANG_WARN__DUPLICATE_METHOD_MATCH = YES;
				CODE_SIGN_IDENTITY = "iPhone Developer";
				COPY_PHASE_STRIP = NO;
				DEBUG_INFORMATION_FORMAT = "dwarf-with-dsym";
				ENABLE_NS_ASSERTIONS = NO;
				ENABLE_STRICT_OBJC_MSGSEND = YES;
				GCC_C_LANGUAGE_STANDARD = gnu11;
				GCC_NO_COMMON_BLOCKS = YES;
				GCC_WARN_64_TO_32_BIT_CONVERSION = YES;
				GCC_WARN_ABOUT_RETURN_TYPE = YES_ERROR;
				GCC_WARN_UNDECLARED_SELECTOR = YES;
				GCC_WARN_UNINITIALIZED_AUTOS = YES_AGGRESSIVE;
				GCC_WARN_UNUSED_FUNCTION = YES;
				GCC_WARN_UNUSED_VARIABLE = YES;
				IPHONEOS_DEPLOYMENT_TARGET = 12.1;
				MTL_ENABLE_DEBUG_INFO = NO;
				MTL_FAST_MATH = YES;
				SDKROOT = iphoneos;
				SWIFT_COMPILATION_MODE = wholemodule;
				SWIFT_OPTIMIZATION_LEVEL = "-O";
				VALIDATE_PRODUCT = YES;
			};
			name = Release;
		};
		F3ED5BF8225E7CFE00B29787 /* Debug */ = {
			isa = XCBuildConfiguration;
			buildSettings = {
				ASSETCATALOG_COMPILER_APPICON_NAME = AppIcon;
				CODE_SIGN_STYLE = Automatic;
				DEVELOPMENT_TEAM = M9GCAJPFL7;
				INFOPLIST_FILE = "303 Software iOS Code Test/Info.plist";
				LD_RUNPATH_SEARCH_PATHS = (
					"$(inherited)",
					"@executable_path/Frameworks",
				);
				PRODUCT_BUNDLE_IDENTIFIER = "com.-03-Software-iOS-Code-Test";
				PRODUCT_NAME = "$(TARGET_NAME)";
				SWIFT_VERSION = 4.2;
				TARGETED_DEVICE_FAMILY = "1,2";
			};
			name = Debug;
		};
		F3ED5BF9225E7CFE00B29787 /* Release */ = {
			isa = XCBuildConfiguration;
			buildSettings = {
				ASSETCATALOG_COMPILER_APPICON_NAME = AppIcon;
				CODE_SIGN_STYLE = Automatic;
				DEVELOPMENT_TEAM = M9GCAJPFL7;
				INFOPLIST_FILE = "303 Software iOS Code Test/Info.plist";
				LD_RUNPATH_SEARCH_PATHS = (
					"$(inherited)",
					"@executable_path/Frameworks",
				);
				PRODUCT_BUNDLE_IDENTIFIER = "com.-03-Software-iOS-Code-Test";
				PRODUCT_NAME = "$(TARGET_NAME)";
				SWIFT_VERSION = 4.2;
				TARGETED_DEVICE_FAMILY = "1,2";
			};
			name = Release;
		};
/* End XCBuildConfiguration section */

/* Begin XCConfigurationList section */
		F3ED5BE0225E7CFC00B29787 /* Build configuration list for PBXProject "303 Software iOS Code Test" */ = {
			isa = XCConfigurationList;
			buildConfigurations = (
				F3ED5BF5225E7CFE00B29787 /* Debug */,
				F3ED5BF6225E7CFE00B29787 /* Release */,
			);
			defaultConfigurationIsVisible = 0;
			defaultConfigurationName = Release;
		};
		F3ED5BF7225E7CFE00B29787 /* Build configuration list for PBXNativeTarget "303 Software iOS Code Test" */ = {
			isa = XCConfigurationList;
			buildConfigurations = (
				F3ED5BF8225E7CFE00B29787 /* Debug */,
				F3ED5BF9225E7CFE00B29787 /* Release */,
			);
			defaultConfigurationIsVisible = 0;
			defaultConfigurationName = Release;
		};
/* End XCConfigurationList section */
	};
	rootObject = F3ED5BDD225E7CFC00B29787 /* Project object */;
}
